// !$*UTF8*$!
{
	archiveVersion = 1;
	classes = {
	};
	objectVersion = 48;
	objects = {

/* Begin PBXBuildFile section */
		1738BD151FAD578600F178FC /* AppDelegate.swift in Sources */ = {isa = PBXBuildFile; fileRef = 1738BD141FAD578600F178FC /* AppDelegate.swift */; };
		1738BD1A1FAD578600F178FC /* Main.storyboard in Resources */ = {isa = PBXBuildFile; fileRef = 1738BD181FAD578600F178FC /* Main.storyboard */; };
		1738BD1C1FAD578600F178FC /* Assets.xcassets in Resources */ = {isa = PBXBuildFile; fileRef = 1738BD1B1FAD578600F178FC /* Assets.xcassets */; };
		1738BD1F1FAD578600F178FC /* LaunchScreen.storyboard in Resources */ = {isa = PBXBuildFile; fileRef = 1738BD1D1FAD578600F178FC /* LaunchScreen.storyboard */; };
		1738BD281FAD598800F178FC /* field_observations.json in Resources */ = {isa = PBXBuildFile; fileRef = 1738BD271FAD598800F178FC /* field_observations.json */; };
		1738BD2A1FAD5A3E00F178FC /* Classification.swift in Sources */ = {isa = PBXBuildFile; fileRef = 1738BD291FAD5A3E00F178FC /* Classification.swift */; };
		1738BD2C1FAD5B2600F178FC /* FieldObservation.swift in Sources */ = {isa = PBXBuildFile; fileRef = 1738BD2B1FAD5B2600F178FC /* FieldObservation.swift */; };
		1738BD2E1FAD5C6200F178FC /* FieldObservationJSONParser.swift in Sources */ = {isa = PBXBuildFile; fileRef = 1738BD2D1FAD5C6200F178FC /* FieldObservationJSONParser.swift */; };
		1738BD301FAD666500F178FC /* FieldObservationJSONLoader.swift in Sources */ = {isa = PBXBuildFile; fileRef = 1738BD2F1FAD666500F178FC /* FieldObservationJSONLoader.swift */; };
		1738BD321FAD69C200F178FC /* FieldObservationsViewController.swift in Sources */ = {isa = PBXBuildFile; fileRef = 1738BD311FAD69C200F178FC /* FieldObservationsViewController.swift */; };
		1738BD341FAD6A1700F178FC /* FieldObservationDetailViewController.swift in Sources */ = {isa = PBXBuildFile; fileRef = 1738BD331FAD6A1700F178FC /* FieldObservationDetailViewController.swift */; };
		1738BD361FAD750800F178FC /* FieldObservationTableViewCell.swift in Sources */ = {isa = PBXBuildFile; fileRef = 1738BD351FAD750800F178FC /* FieldObservationTableViewCell.swift */; };
/* End PBXBuildFile section */

/* Begin PBXFileReference section */
		1738BD111FAD578600F178FC /* Field Survey.app */ = {isa = PBXFileReference; explicitFileType = wrapper.application; includeInIndex = 0; path = "Field Survey.app"; sourceTree = BUILT_PRODUCTS_DIR; };
		1738BD141FAD578600F178FC /* AppDelegate.swift */ = {isa = PBXFileReference; lastKnownFileType = sourcecode.swift; path = AppDelegate.swift; sourceTree = "<group>"; };
		1738BD191FAD578600F178FC /* Base */ = {isa = PBXFileReference; lastKnownFileType = file.storyboard; name = Base; path = Base.lproj/Main.storyboard; sourceTree = "<group>"; };
		1738BD1B1FAD578600F178FC /* Assets.xcassets */ = {isa = PBXFileReference; lastKnownFileType = folder.assetcatalog; path = Assets.xcassets; sourceTree = "<group>"; };
		1738BD1E1FAD578600F178FC /* Base */ = {isa = PBXFileReference; lastKnownFileType = file.storyboard; name = Base; path = Base.lproj/LaunchScreen.storyboard; sourceTree = "<group>"; };
		1738BD201FAD578600F178FC /* Info.plist */ = {isa = PBXFileReference; lastKnownFileType = text.plist.xml; path = Info.plist; sourceTree = "<group>"; };
		1738BD271FAD598800F178FC /* field_observations.json */ = {isa = PBXFileReference; fileEncoding = 4; lastKnownFileType = text.json; path = field_observations.json; sourceTree = "<group>"; };
		1738BD291FAD5A3E00F178FC /* Classification.swift */ = {isa = PBXFileReference; lastKnownFileType = sourcecode.swift; path = Classification.swift; sourceTree = "<group>"; };
		1738BD2B1FAD5B2600F178FC /* FieldObservation.swift */ = {isa = PBXFileReference; lastKnownFileType = sourcecode.swift; path = FieldObservation.swift; sourceTree = "<group>"; };
		1738BD2D1FAD5C6200F178FC /* FieldObservationJSONParser.swift */ = {isa = PBXFileReference; lastKnownFileType = sourcecode.swift; path = FieldObservationJSONParser.swift; sourceTree = "<group>"; };
		1738BD2F1FAD666500F178FC /* FieldObservationJSONLoader.swift */ = {isa = PBXFileReference; lastKnownFileType = sourcecode.swift; path = FieldObservationJSONLoader.swift; sourceTree = "<group>"; };
		1738BD311FAD69C200F178FC /* FieldObservationsViewController.swift */ = {isa = PBXFileReference; lastKnownFileType = sourcecode.swift; path = FieldObservationsViewController.swift; sourceTree = "<group>"; };
		1738BD331FAD6A1700F178FC /* FieldObservationDetailViewController.swift */ = {isa = PBXFileReference; lastKnownFileType = sourcecode.swift; path = FieldObservationDetailViewController.swift; sourceTree = "<group>"; };
		1738BD351FAD750800F178FC /* FieldObservationTableViewCell.swift */ = {isa = PBXFileReference; lastKnownFileType = sourcecode.swift; path = FieldObservationTableViewCell.swift; sourceTree = "<group>"; };
/* End PBXFileReference section */

/* Begin PBXFrameworksBuildPhase section */
		1738BD0E1FAD578600F178FC /* Frameworks */ = {
			isa = PBXFrameworksBuildPhase;
			buildActionMask = 2147483647;
			files = (
			);
			runOnlyForDeploymentPostprocessing = 0;
		};
/* End PBXFrameworksBuildPhase section */

/* Begin PBXGroup section */
		1738BD081FAD578600F178FC = {
			isa = PBXGroup;
			children = (
				1738BD131FAD578600F178FC /* Field Survey */,
				1738BD121FAD578600F178FC /* Products */,
			);
			sourceTree = "<group>";
		};
		1738BD121FAD578600F178FC /* Products */ = {
			isa = PBXGroup;
			children = (
				1738BD111FAD578600F178FC /* Field Survey.app */,
			);
			name = Products;
			sourceTree = "<group>";
		};
		1738BD131FAD578600F178FC /* Field Survey */ = {
			isa = PBXGroup;
			children = (
				1738BD261FAD590600F178FC /* Model */,
				1738BD141FAD578600F178FC /* AppDelegate.swift */,
				1738BD181FAD578600F178FC /* Main.storyboard */,
				1738BD1B1FAD578600F178FC /* Assets.xcassets */,
				1738BD1D1FAD578600F178FC /* LaunchScreen.storyboard */,
				1738BD201FAD578600F178FC /* Info.plist */,
				1738BD311FAD69C200F178FC /* FieldObservationsViewController.swift */,
				1738BD331FAD6A1700F178FC /* FieldObservationDetailViewController.swift */,
				1738BD351FAD750800F178FC /* FieldObservationTableViewCell.swift */,
			);
			path = "Field Survey";
			sourceTree = "<group>";
		};
		1738BD261FAD590600F178FC /* Model */ = {
			isa = PBXGroup;
			children = (
				1738BD271FAD598800F178FC /* field_observations.json */,
				1738BD291FAD5A3E00F178FC /* Classification.swift */,
				1738BD2B1FAD5B2600F178FC /* FieldObservation.swift */,
				1738BD2D1FAD5C6200F178FC /* FieldObservationJSONParser.swift */,
				1738BD2F1FAD666500F178FC /* FieldObservationJSONLoader.swift */,
			);
			path = Model;
			sourceTree = "<group>";
		};
/* End PBXGroup section */

/* Begin PBXNativeTarget section */
		1738BD101FAD578600F178FC /* Field Survey */ = {
			isa = PBXNativeTarget;
			buildConfigurationList = 1738BD231FAD578600F178FC /* Build configuration list for PBXNativeTarget "Field Survey" */;
			buildPhases = (
				1738BD0D1FAD578600F178FC /* Sources */,
				1738BD0E1FAD578600F178FC /* Frameworks */,
				1738BD0F1FAD578600F178FC /* Resources */,
			);
			buildRules = (
			);
			dependencies = (
			);
			name = "Field Survey";
			productName = "Field Survey";
			productReference = 1738BD111FAD578600F178FC /* Field Survey.app */;
			productType = "com.apple.product-type.application";
		};
/* End PBXNativeTarget section */

/* Begin PBXProject section */
		1738BD091FAD578600F178FC /* Project object */ = {
			isa = PBXProject;
			attributes = {
				LastSwiftUpdateCheck = 0900;
				LastUpgradeCheck = 0900;
				ORGANIZATIONNAME = "Chris Jansson";
				TargetAttributes = {
					1738BD101FAD578600F178FC = {
						CreatedOnToolsVersion = 9.0.1;
						ProvisioningStyle = Automatic;
					};
				};
			};
			buildConfigurationList = 1738BD0C1FAD578600F178FC /* Build configuration list for PBXProject "Field Survey" */;
			compatibilityVersion = "Xcode 8.0";
			developmentRegion = en;
			hasScannedForEncodings = 0;
			knownRegions = (
				en,
				Base,
			);
			mainGroup = 1738BD081FAD578600F178FC;
			productRefGroup = 1738BD121FAD578600F178FC /* Products */;
			projectDirPath = "";
			projectRoot = "";
			targets = (
				1738BD101FAD578600F178FC /* Field Survey */,
			);
		};
/* End PBXProject section */

/* Begin PBXResourcesBuildPhase section */
		1738BD0F1FAD578600F178FC /* Resources */ = {
			isa = PBXResourcesBuildPhase;
			buildActionMask = 2147483647;
			files = (
				1738BD1F1FAD578600F178FC /* LaunchScreen.storyboard in Resources */,
				1738BD281FAD598800F178FC /* field_observations.json in Resources */,
				1738BD1C1FAD578600F178FC /* Assets.xcassets in Resources */,
				1738BD1A1FAD578600F178FC /* Main.storyboard in Resources */,
			);
			runOnlyForDeploymentPostprocessing = 0;
		};
/* End PBXResourcesBuildPhase section */

/* Begin PBXSourcesBuildPhase section */
		1738BD0D1FAD578600F178FC /* Sources */ = {
			isa = PBXSourcesBuildPhase;
			buildActionMask = 2147483647;
			files = (
				1738BD2E1FAD5C6200F178FC /* FieldObservationJSONParser.swift in Sources */,
				1738BD361FAD750800F178FC /* FieldObservationTableViewCell.swift in Sources */,
				1738BD151FAD578600F178FC /* AppDelegate.swift in Sources */,
				1738BD321FAD69C200F178FC /* FieldObservationsViewController.swift in Sources */,
				1738BD2C1FAD5B2600F178FC /* FieldObservation.swift in Sources */,
				1738BD341FAD6A1700F178FC /* FieldObservationDetailViewController.swift in Sources */,
				1738BD2A1FAD5A3E00F178FC /* Classification.swift in Sources */,
				1738BD301FAD666500F178FC /* FieldObservationJSONLoader.swift in Sources */,
			);
			runOnlyForDeploymentPostprocessing = 0;
		};
/* End PBXSourcesBuildPhase section */

/* Begin PBXVariantGroup section */
		1738BD181FAD578600F178FC /* Main.storyboard */ = {
			isa = PBXVariantGroup;
			children = (
				1738BD191FAD578600F178FC /* Base */,
			);
			name = Main.storyboard;
			sourceTree = "<group>";
		};
		1738BD1D1FAD578600F178FC /* LaunchScreen.storyboard */ = {
			isa = PBXVariantGroup;
			children = (
				1738BD1E1FAD578600F178FC /* Base */,
			);
			name = LaunchScreen.storyboard;
			sourceTree = "<group>";
		};
/* End PBXVariantGroup section */

/* Begin XCBuildConfiguration section */
		1738BD211FAD578600F178FC /* Debug */ = {
			isa = XCBuildConfiguration;
			buildSettings = {
				ALWAYS_SEARCH_USER_PATHS = NO;
				CLANG_ANALYZER_NONNULL = YES;
				CLANG_ANALYZER_NUMBER_OBJECT_CONVERSION = YES_AGGRESSIVE;
				CLANG_CXX_LANGUAGE_STANDARD = "gnu++14";
				CLANG_CXX_LIBRARY = "libc++";
				CLANG_ENABLE_MODULES = YES;
				CLANG_ENABLE_OBJC_ARC = YES;
				CLANG_WARN_BLOCK_CAPTURE_AUTORELEASING = YES;
				CLANG_WARN_BOOL_CONVERSION = YES;
				CLANG_WARN_COMMA = YES;
				CLANG_WARN_CONSTANT_CONVERSION = YES;
				CLANG_WARN_DIRECT_OBJC_ISA_USAGE = YES_ERROR;
				CLANG_WARN_DOCUMENTATION_COMMENTS = YES;
				CLANG_WARN_EMPTY_BODY = YES;
				CLANG_WARN_ENUM_CONVERSION = YES;
				CLANG_WARN_INFINITE_RECURSION = YES;
				CLANG_WARN_INT_CONVERSION = YES;
				CLANG_WARN_NON_LITERAL_NULL_CONVERSION = YES;
				CLANG_WARN_OBJC_LITERAL_CONVERSION = YES;
				CLANG_WARN_OBJC_ROOT_CLASS = YES_ERROR;
				CLANG_WARN_RANGE_LOOP_ANALYSIS = YES;
				CLANG_WARN_STRICT_PROTOTYPES = YES;
				CLANG_WARN_SUSPICIOUS_MOVE = YES;
				CLANG_WARN_UNGUARDED_AVAILABILITY = YES_AGGRESSIVE;
				CLANG_WARN_UNREACHABLE_CODE = YES;
				CLANG_WARN__DUPLICATE_METHOD_MATCH = YES;
				CODE_SIGN_IDENTITY = "iPhone Developer";
				COPY_PHASE_STRIP = NO;
				DEBUG_INFORMATION_FORMAT = dwarf;
				ENABLE_STRICT_OBJC_MSGSEND = YES;
				ENABLE_TESTABILITY = YES;
				GCC_C_LANGUAGE_STANDARD = gnu11;
				GCC_DYNAMIC_NO_PIC = NO;
				GCC_NO_COMMON_BLOCKS = YES;
				GCC_OPTIMIZATION_LEVEL = 0;
				GCC_PREPROCESSOR_DEFINITIONS = (
					"DEBUG=1",
					"$(inherited)",
				);
				GCC_WARN_64_TO_32_BIT_CONVERSION = YES;
				GCC_WARN_ABOUT_RETURN_TYPE = YES_ERROR;
				GCC_WARN_UNDECLARED_SELECTOR = YES;
				GCC_WARN_UNINITIALIZED_AUTOS = YES_AGGRESSIVE;
				GCC_WARN_UNUSED_FUNCTION = YES;
				GCC_WARN_UNUSED_VARIABLE = YES;
				IPHONEOS_DEPLOYMENT_TARGET = 11.0;
				MTL_ENABLE_DEBUG_INFO = YES;
				ONLY_ACTIVE_ARCH = YES;
				SDKROOT = iphoneos;
				SWIFT_ACTIVE_COMPILATION_CONDITIONS = DEBUG;
				SWIFT_OPTIMIZATION_LEVEL = "-Onone";
			};
			name = Debug;
		};
		1738BD221FAD578600F178FC /* Release */ = {
			isa = XCBuildConfiguration;
			buildSettings = {
				ALWAYS_SEARCH_USER_PATHS = NO;
				CLANG_ANALYZER_NONNULL = YES;
				CLANG_ANALYZER_NUMBER_OBJECT_CONVERSION = YES_AGGRESSIVE;
				CLANG_CXX_LANGUAGE_STANDARD = "gnu++14";
				CLANG_CXX_LIBRARY = "libc++";
				CLANG_ENABLE_MODULES = YES;
				CLANG_ENABLE_OBJC_ARC = YES;
				CLANG_WARN_BLOCK_CAPTURE_AUTORELEASING = YES;
				CLANG_WARN_BOOL_CONVERSION = YES;
				CLANG_WARN_COMMA = YES;
				CLANG_WARN_CONSTANT_CONVERSION = YES;
				CLANG_WARN_DIRECT_OBJC_ISA_USAGE = YES_ERROR;
				CLANG_WARN_DOCUMENTATION_COMMENTS = YES;
				CLANG_WARN_EMPTY_BODY = YES;
				CLANG_WARN_ENUM_CONVERSION = YES;
				CLANG_WARN_INFINITE_RECURSION = YES;
				CLANG_WARN_INT_CONVERSION = YES;
				CLANG_WARN_NON_LITERAL_NULL_CONVERSION = YES;
				CLANG_WARN_OBJC_LITERAL_CONVERSION = YES;
				CLANG_WARN_OBJC_ROOT_CLASS = YES_ERROR;
				CLANG_WARN_RANGE_LOOP_ANALYSIS = YES;
				CLANG_WARN_STRICT_PROTOTYPES = YES;
				CLANG_WARN_SUSPICIOUS_MOVE = YES;
				CLANG_WARN_UNGUARDED_AVAILABILITY = YES_AGGRESSIVE;
				CLANG_WARN_UNREACHABLE_CODE = YES;
				CLANG_WARN__DUPLICATE_METHOD_MATCH = YES;
				CODE_SIGN_IDENTITY = "iPhone Developer";
				COPY_PHASE_STRIP = NO;
				DEBUG_INFORMATION_FORMAT = "dwarf-with-dsym";
				ENABLE_NS_ASSERTIONS = NO;
				ENABLE_STRICT_OBJC_MSGSEND = YES;
				GCC_C_LANGUAGE_STANDARD = gnu11;
				GCC_NO_COMMON_BLOCKS = YES;
				GCC_WARN_64_TO_32_BIT_CONVERSION = YES;
				GCC_WARN_ABOUT_RETURN_TYPE = YES_ERROR;
				GCC_WARN_UNDECLARED_SELECTOR = YES;
				GCC_WARN_UNINITIALIZED_AUTOS = YES_AGGRESSIVE;
				GCC_WARN_UNUSED_FUNCTION = YES;
				GCC_WARN_UNUSED_VARIABLE = YES;
				IPHONEOS_DEPLOYMENT_TARGET = 11.0;
				MTL_ENABLE_DEBUG_INFO = NO;
				SDKROOT = iphoneos;
				SWIFT_OPTIMIZATION_LEVEL = "-Owholemodule";
				VALIDATE_PRODUCT = YES;
			};
			name = Release;
		};
		1738BD241FAD578600F178FC /* Debug */ = {
			isa = XCBuildConfiguration;
			buildSettings = {
				ASSETCATALOG_COMPILER_APPICON_NAME = AppIcon;
				CODE_SIGN_STYLE = Automatic;
				INFOPLIST_FILE = "Field Survey/Info.plist";
				LD_RUNPATH_SEARCH_PATHS = "$(inherited) @executable_path/Frameworks";
				PRODUCT_BUNDLE_IDENTIFIER = "chrisjansson.Field-Survey";
				PRODUCT_NAME = "$(TARGET_NAME)";
				SWIFT_VERSION = 4.0;
				TARGETED_DEVICE_FAMILY = "1,2";
			};
			name = Debug;
		};
		1738BD251FAD578600F178FC /* Release */ = {
			isa = XCBuildConfiguration;
			buildSettings = {
				ASSETCATALOG_COMPILER_APPICON_NAME = AppIcon;
				CODE_SIGN_STYLE = Automatic;
				INFOPLIST_FILE = "Field Survey/Info.plist";
				LD_RUNPATH_SEARCH_PATHS = "$(inherited) @executable_path/Frameworks";
				PRODUCT_BUNDLE_IDENTIFIER = "chrisjansson.Field-Survey";
				PRODUCT_NAME = "$(TARGET_NAME)";
				SWIFT_VERSION = 4.0;
				TARGETED_DEVICE_FAMILY = "1,2";
			};
			name = Release;
		};
/* End XCBuildConfiguration section */

/* Begin XCConfigurationList section */
		1738BD0C1FAD578600F178FC /* Build configuration list for PBXProject "Field Survey" */ = {
			isa = XCConfigurationList;
			buildConfigurations = (
				1738BD211FAD578600F178FC /* Debug */,
				1738BD221FAD578600F178FC /* Release */,
			);
			defaultConfigurationIsVisible = 0;
			defaultConfigurationName = Release;
		};
		1738BD231FAD578600F178FC /* Build configuration list for PBXNativeTarget "Field Survey" */ = {
			isa = XCConfigurationList;
			buildConfigurations = (
				1738BD241FAD578600F178FC /* Debug */,
				1738BD251FAD578600F178FC /* Release */,
			);
			defaultConfigurationIsVisible = 0;
			defaultConfigurationName = Release;
		};
/* End XCConfigurationList section */
	};
	rootObject = 1738BD091FAD578600F178FC /* Project object */;
}
